
Microsoft Visual Studio Solution File, Format Version 12.00
# Visual Studio 15
VisualStudioVersion = 15.0.26124.0
MinimumVisualStudioVersion = 15.0.26124.0
Project("{FAE04EC0-301F-11D3-BF4B-00C04F79EFBC}") = "DDD.API", "DDD.API\DDD.API.csproj", "{2BB6F21B-02D9-4C28-A619-4C0B84CEF021}"
EndProject
Project("{FAE04EC0-301F-11D3-BF4B-00C04F79EFBC}") = "DDD.Domain", "DDD.Domain\DDD.Domain.csproj", "{FD132A95-D2EA-495C-9C33-CBF278FA644C}"
EndProject
Project("{FAE04EC0-301F-11D3-BF4B-00C04F79EFBC}") = "DDD.Infra", "DDD.Infra\DDD.Infra.csproj", "{AE847020-3CE6-47A0-AE0A-48B5754A2EE7}"
EndProject
Global
	GlobalSection(SolutionConfigurationPlatforms) = preSolution
		Debug|Any CPU = Debug|Any CPU
		Debug|x64 = Debug|x64
		Debug|x86 = Debug|x86
		Release|Any CPU = Release|Any CPU
		Release|x64 = Release|x64
		Release|x86 = Release|x86
	EndGlobalSection
	GlobalSection(SolutionProperties) = preSolution
		HideSolutionNode = FALSE
	EndGlobalSection
	GlobalSection(ProjectConfigurationPlatforms) = postSolution
		{2BB6F21B-02D9-4C28-A619-4C0B84CEF021}.Debug|Any CPU.ActiveCfg = Debug|Any CPU
		{2BB6F21B-02D9-4C28-A619-4C0B84CEF021}.Debug|Any CPU.Build.0 = Debug|Any CPU
		{2BB6F21B-02D9-4C28-A619-4C0B84CEF021}.Debug|x64.ActiveCfg = Debug|Any CPU
		{2BB6F21B-02D9-4C28-A619-4C0B84CEF021}.Debug|x64.Build.0 = Debug|Any CPU
		{2BB6F21B-02D9-4C28-A619-4C0B84CEF021}.Debug|x86.ActiveCfg = Debug|Any CPU
		{2BB6F21B-02D9-4C28-A619-4C0B84CEF021}.Debug|x86.Build.0 = Debug|Any CPU
		{2BB6F21B-02D9-4C28-A619-4C0B84CEF021}.Release|Any CPU.ActiveCfg = Release|Any CPU
		{2BB6F21B-02D9-4C28-A619-4C0B84CEF021}.Release|Any CPU.Build.0 = Release|Any CPU
		{2BB6F21B-02D9-4C28-A619-4C0B84CEF021}.Release|x64.ActiveCfg = Release|Any CPU
		{2BB6F21B-02D9-4C28-A619-4C0B84CEF021}.Release|x64.Build.0 = Release|Any CPU
		{2BB6F21B-02D9-4C28-A619-4C0B84CEF021}.Release|x86.ActiveCfg = Release|Any CPU
		{2BB6F21B-02D9-4C28-A619-4C0B84CEF021}.Release|x86.Build.0 = Release|Any CPU
		{FD132A95-D2EA-495C-9C33-CBF278FA644C}.Debug|Any CPU.ActiveCfg = Debug|Any CPU
		{FD132A95-D2EA-495C-9C33-CBF278FA644C}.Debug|Any CPU.Build.0 = Debug|Any CPU
		{FD132A95-D2EA-495C-9C33-CBF278FA644C}.Debug|x64.ActiveCfg = Debug|Any CPU
		{FD132A95-D2EA-495C-9C33-CBF278FA644C}.Debug|x64.Build.0 = Debug|Any CPU
		{FD132A95-D2EA-495C-9C33-CBF278FA644C}.Debug|x86.ActiveCfg = Debug|Any CPU
		{FD132A95-D2EA-495C-9C33-CBF278FA644C}.Debug|x86.Build.0 = Debug|Any CPU
		{FD132A95-D2EA-495C-9C33-CBF278FA644C}.Release|Any CPU.ActiveCfg = Release|Any CPU
		{FD132A95-D2EA-495C-9C33-CBF278FA644C}.Release|Any CPU.Build.0 = Release|Any CPU
		{FD132A95-D2EA-495C-9C33-CBF278FA644C}.Release|x64.ActiveCfg = Release|Any CPU
		{FD132A95-D2EA-495C-9C33-CBF278FA644C}.Release|x64.Build.0 = Release|Any CPU
		{FD132A95-D2EA-495C-9C33-CBF278FA644C}.Release|x86.ActiveCfg = Release|Any CPU
		{FD132A95-D2EA-495C-9C33-CBF278FA644C}.Release|x86.Build.0 = Release|Any CPU
		{AE847020-3CE6-47A0-AE0A-48B5754A2EE7}.Debug|Any CPU.ActiveCfg = Debug|Any CPU
		{AE847020-3CE6-47A0-AE0A-48B5754A2EE7}.Debug|Any CPU.Build.0 = Debug|Any CPU
		{AE847020-3CE6-47A0-AE0A-48B5754A2EE7}.Debug|x64.ActiveCfg = Debug|Any CPU
		{AE847020-3CE6-47A0-AE0A-48B5754A2EE7}.Debug|x64.Build.0 = Debug|Any CPU
		{AE847020-3CE6-47A0-AE0A-48B5754A2EE7}.Debug|x86.ActiveCfg = Debug|Any CPU
		{AE847020-3CE6-47A0-AE0A-48B5754A2EE7}.Debug|x86.Build.0 = Debug|Any CPU
		{AE847020-3CE6-47A0-AE0A-48B5754A2EE7}.Release|Any CPU.ActiveCfg = Release|Any CPU
		{AE847020-3CE6-47A0-AE0A-48B5754A2EE7}.Release|Any CPU.Build.0 = Release|Any CPU
		{AE847020-3CE6-47A0-AE0A-48B5754A2EE7}.Release|x64.ActiveCfg = Release|Any CPU
		{AE847020-3CE6-47A0-AE0A-48B5754A2EE7}.Release|x64.Build.0 = Release|Any CPU
		{AE847020-3CE6-47A0-AE0A-48B5754A2EE7}.Release|x86.ActiveCfg = Release|Any CPU
		{AE847020-3CE6-47A0-AE0A-48B5754A2EE7}.Release|x86.Build.0 = Release|Any CPU
	EndGlobalSection
EndGlobal
