
Microsoft Visual Studio Solution File, Format Version 12.00
# Visual Studio 15
VisualStudioVersion = 15.0.26124.0
MinimumVisualStudioVersion = 15.0.26124.0
Project("{FAE04EC0-301F-11D3-BF4B-00C04F79EFBC}") = "DDD.Domain", "DDD.Domain\DDD.Domain.csproj", "{477EE455-3535-4F76-9A99-AA10E6EAF5A7}"
EndProject
Project("{FAE04EC0-301F-11D3-BF4B-00C04F79EFBC}") = "DDD.Infra", "DDD.Infra\DDD.Infra.csproj", "{DD89674E-A6C7-4BEB-84C9-8C67CBCA4E8D}"
EndProject
Project("{FAE04EC0-301F-11D3-BF4B-00C04F79EFBC}") = "DDD.IoC", "DDD.IoC\DDD.IoC.csproj", "{A1CAEA76-FD32-4C66-990F-7763370AD9F0}"
EndProject
Global
	GlobalSection(SolutionConfigurationPlatforms) = preSolution
		Debug|Any CPU = Debug|Any CPU
		Debug|x64 = Debug|x64
		Debug|x86 = Debug|x86
		Release|Any CPU = Release|Any CPU
		Release|x64 = Release|x64
		Release|x86 = Release|x86
	EndGlobalSection
	GlobalSection(SolutionProperties) = preSolution
		HideSolutionNode = FALSE
	EndGlobalSection
	GlobalSection(ProjectConfigurationPlatforms) = postSolution
		{477EE455-3535-4F76-9A99-AA10E6EAF5A7}.Debug|Any CPU.ActiveCfg = Debug|Any CPU
		{477EE455-3535-4F76-9A99-AA10E6EAF5A7}.Debug|Any CPU.Build.0 = Debug|Any CPU
		{477EE455-3535-4F76-9A99-AA10E6EAF5A7}.Debug|x64.ActiveCfg = Debug|Any CPU
		{477EE455-3535-4F76-9A99-AA10E6EAF5A7}.Debug|x64.Build.0 = Debug|Any CPU
		{477EE455-3535-4F76-9A99-AA10E6EAF5A7}.Debug|x86.ActiveCfg = Debug|Any CPU
		{477EE455-3535-4F76-9A99-AA10E6EAF5A7}.Debug|x86.Build.0 = Debug|Any CPU
		{477EE455-3535-4F76-9A99-AA10E6EAF5A7}.Release|Any CPU.ActiveCfg = Release|Any CPU
		{477EE455-3535-4F76-9A99-AA10E6EAF5A7}.Release|Any CPU.Build.0 = Release|Any CPU
		{477EE455-3535-4F76-9A99-AA10E6EAF5A7}.Release|x64.ActiveCfg = Release|Any CPU
		{477EE455-3535-4F76-9A99-AA10E6EAF5A7}.Release|x64.Build.0 = Release|Any CPU
		{477EE455-3535-4F76-9A99-AA10E6EAF5A7}.Release|x86.ActiveCfg = Release|Any CPU
		{477EE455-3535-4F76-9A99-AA10E6EAF5A7}.Release|x86.Build.0 = Release|Any CPU
		{DD89674E-A6C7-4BEB-84C9-8C67CBCA4E8D}.Debug|Any CPU.ActiveCfg = Debug|Any CPU
		{DD89674E-A6C7-4BEB-84C9-8C67CBCA4E8D}.Debug|Any CPU.Build.0 = Debug|Any CPU
		{DD89674E-A6C7-4BEB-84C9-8C67CBCA4E8D}.Debug|x64.ActiveCfg = Debug|Any CPU
		{DD89674E-A6C7-4BEB-84C9-8C67CBCA4E8D}.Debug|x64.Build.0 = Debug|Any CPU
		{DD89674E-A6C7-4BEB-84C9-8C67CBCA4E8D}.Debug|x86.ActiveCfg = Debug|Any CPU
		{DD89674E-A6C7-4BEB-84C9-8C67CBCA4E8D}.Debug|x86.Build.0 = Debug|Any CPU
		{DD89674E-A6C7-4BEB-84C9-8C67CBCA4E8D}.Release|Any CPU.ActiveCfg = Release|Any CPU
		{DD89674E-A6C7-4BEB-84C9-8C67CBCA4E8D}.Release|Any CPU.Build.0 = Release|Any CPU
		{DD89674E-A6C7-4BEB-84C9-8C67CBCA4E8D}.Release|x64.ActiveCfg = Release|Any CPU
		{DD89674E-A6C7-4BEB-84C9-8C67CBCA4E8D}.Release|x64.Build.0 = Release|Any CPU
		{DD89674E-A6C7-4BEB-84C9-8C67CBCA4E8D}.Release|x86.ActiveCfg = Release|Any CPU
		{DD89674E-A6C7-4BEB-84C9-8C67CBCA4E8D}.Release|x86.Build.0 = Release|Any CPU
		{A1CAEA76-FD32-4C66-990F-7763370AD9F0}.Debug|Any CPU.ActiveCfg = Debug|Any CPU
		{A1CAEA76-FD32-4C66-990F-7763370AD9F0}.Debug|Any CPU.Build.0 = Debug|Any CPU
		{A1CAEA76-FD32-4C66-990F-7763370AD9F0}.Debug|x64.ActiveCfg = Debug|Any CPU
		{A1CAEA76-FD32-4C66-990F-7763370AD9F0}.Debug|x64.Build.0 = Debug|Any CPU
		{A1CAEA76-FD32-4C66-990F-7763370AD9F0}.Debug|x86.ActiveCfg = Debug|Any CPU
		{A1CAEA76-FD32-4C66-990F-7763370AD9F0}.Debug|x86.Build.0 = Debug|Any CPU
		{A1CAEA76-FD32-4C66-990F-7763370AD9F0}.Release|Any CPU.ActiveCfg = Release|Any CPU
		{A1CAEA76-FD32-4C66-990F-7763370AD9F0}.Release|Any CPU.Build.0 = Release|Any CPU
		{A1CAEA76-FD32-4C66-990F-7763370AD9F0}.Release|x64.ActiveCfg = Release|Any CPU
		{A1CAEA76-FD32-4C66-990F-7763370AD9F0}.Release|x64.Build.0 = Release|Any CPU
		{A1CAEA76-FD32-4C66-990F-7763370AD9F0}.Release|x86.ActiveCfg = Release|Any CPU
		{A1CAEA76-FD32-4C66-990F-7763370AD9F0}.Release|x86.Build.0 = Release|Any CPU
	EndGlobalSection
EndGlobal
